
Microsoft Visual Studio Solution File, Format Version 12.00
# Visual Studio Version 17
VisualStudioVersion = 17.5.33424.131
MinimumVisualStudioVersion = 10.0.40219.1
Project("{9A19103F-16F7-4668-BE54-9A1E7A4F7556}") = "ProjektZawody", "ProjektZawody.csproj", "{6012DC4A-D35C-4773-A910-54085415F109}"
EndProject
Project("{FAE04EC0-301F-11D3-BF4B-00C04F79EFBC}") = "ProjektZawodyTests", "..\ProjektZawodyTests\ProjektZawodyTests.csproj", "{AB1C1255-FCF4-4E04-B294-50750C6130AF}"
EndProject
Global
	GlobalSection(SolutionConfigurationPlatforms) = preSolution
		Debug|Any CPU = Debug|Any CPU
		Release|Any CPU = Release|Any CPU
	EndGlobalSection
	GlobalSection(ProjectConfigurationPlatforms) = postSolution
		{6012DC4A-D35C-4773-A910-54085415F109}.Debug|Any CPU.ActiveCfg = Debug|Any CPU
		{6012DC4A-D35C-4773-A910-54085415F109}.Debug|Any CPU.Build.0 = Debug|Any CPU
		{6012DC4A-D35C-4773-A910-54085415F109}.Release|Any CPU.ActiveCfg = Release|Any CPU
		{6012DC4A-D35C-4773-A910-54085415F109}.Release|Any CPU.Build.0 = Release|Any CPU
		{AB1C1255-FCF4-4E04-B294-50750C6130AF}.Debug|Any CPU.ActiveCfg = Debug|Any CPU
		{AB1C1255-FCF4-4E04-B294-50750C6130AF}.Debug|Any CPU.Build.0 = Debug|Any CPU
		{AB1C1255-FCF4-4E04-B294-50750C6130AF}.Release|Any CPU.ActiveCfg = Release|Any CPU
		{AB1C1255-FCF4-4E04-B294-50750C6130AF}.Release|Any CPU.Build.0 = Release|Any CPU
	EndGlobalSection
	GlobalSection(SolutionProperties) = preSolution
		HideSolutionNode = FALSE
	EndGlobalSection
	GlobalSection(ExtensibilityGlobals) = postSolution
		SolutionGuid = {CF5452DF-1B71-47A6-B928-CC5C8A482544}
	EndGlobalSection
EndGlobal
